
Microsoft Visual Studio Solution File, Format Version 12.00
# Visual Studio Version 17
VisualStudioVersion = 17.1.32328.378
MinimumVisualStudioVersion = 10.0.40219.1
Project("{FAE04EC0-301F-11D3-BF4B-00C04F79EFBC}") = "Presentacion", "Presentacion\Presentacion.csproj", "{758A2FA9-1E6F-4C58-B6DC-C06D697BD9B8}"
EndProject
Project("{FAE04EC0-301F-11D3-BF4B-00C04F79EFBC}") = "Nejercicios", "Nejercicios\Nejercicios.csproj", "{7F966BC4-52ED-497A-8BC2-2FE296DBC1D5}"
EndProject
Project("{FAE04EC0-301F-11D3-BF4B-00C04F79EFBC}") = "EjerciceP", "EjerciceP\EjerciceP.csproj", "{36B3DA24-449E-498E-88C0-4734648E454D}"
EndProject
Project("{FAE04EC0-301F-11D3-BF4B-00C04F79EFBC}") = "EjMatriz", "EjMatriz\EjMatriz.csproj", "{420568C3-2CF5-4D9C-9E53-5EF19D70799A}"
EndProject
Global
	GlobalSection(SolutionConfigurationPlatforms) = preSolution
		Debug|Any CPU = Debug|Any CPU
		Release|Any CPU = Release|Any CPU
	EndGlobalSection
	GlobalSection(ProjectConfigurationPlatforms) = postSolution
		{758A2FA9-1E6F-4C58-B6DC-C06D697BD9B8}.Debug|Any CPU.ActiveCfg = Debug|Any CPU
		{758A2FA9-1E6F-4C58-B6DC-C06D697BD9B8}.Debug|Any CPU.Build.0 = Debug|Any CPU
		{758A2FA9-1E6F-4C58-B6DC-C06D697BD9B8}.Release|Any CPU.ActiveCfg = Release|Any CPU
		{758A2FA9-1E6F-4C58-B6DC-C06D697BD9B8}.Release|Any CPU.Build.0 = Release|Any CPU
		{7F966BC4-52ED-497A-8BC2-2FE296DBC1D5}.Debug|Any CPU.ActiveCfg = Debug|Any CPU
		{7F966BC4-52ED-497A-8BC2-2FE296DBC1D5}.Debug|Any CPU.Build.0 = Debug|Any CPU
		{7F966BC4-52ED-497A-8BC2-2FE296DBC1D5}.Release|Any CPU.ActiveCfg = Release|Any CPU
		{7F966BC4-52ED-497A-8BC2-2FE296DBC1D5}.Release|Any CPU.Build.0 = Release|Any CPU
		{36B3DA24-449E-498E-88C0-4734648E454D}.Debug|Any CPU.ActiveCfg = Debug|Any CPU
		{36B3DA24-449E-498E-88C0-4734648E454D}.Debug|Any CPU.Build.0 = Debug|Any CPU
		{36B3DA24-449E-498E-88C0-4734648E454D}.Release|Any CPU.ActiveCfg = Release|Any CPU
		{36B3DA24-449E-498E-88C0-4734648E454D}.Release|Any CPU.Build.0 = Release|Any CPU
		{420568C3-2CF5-4D9C-9E53-5EF19D70799A}.Debug|Any CPU.ActiveCfg = Debug|Any CPU
		{420568C3-2CF5-4D9C-9E53-5EF19D70799A}.Debug|Any CPU.Build.0 = Debug|Any CPU
		{420568C3-2CF5-4D9C-9E53-5EF19D70799A}.Release|Any CPU.ActiveCfg = Release|Any CPU
		{420568C3-2CF5-4D9C-9E53-5EF19D70799A}.Release|Any CPU.Build.0 = Release|Any CPU
	EndGlobalSection
	GlobalSection(SolutionProperties) = preSolution
		HideSolutionNode = FALSE
	EndGlobalSection
	GlobalSection(ExtensibilityGlobals) = postSolution
		SolutionGuid = {DE2E28DB-0D09-4A4B-B541-E20D4F23E6AC}
	EndGlobalSection
EndGlobal
